{
  "name": "wcs-ss-app",
  "lockfileVersion": 3,
  "requires": true,
  "packages": {
    "": {
      "dependencies": {
      }
    },
    "node_modules/filesize": {
      "version": "1.6.7",
      "resolved": "https://registry.npmjs.org/filesize/-/filesize-1.6.7.tgz",
      "integrity": "sha512-A/ANn+qBa3WmjgxHmyKfQbQ+AFwVoKrWwCGrNVjWJJMZclBrvhZ+85/xLxcTjn/G70PjbDKpVDewCHn+ShMyTA==",
      "engines": {
        "node": ">= 0.6.0"
      }
    },
    "node_modules/optimist": {
      "version": "0.3.7",
      "resolved": "https://registry.npmjs.org/optimist/-/optimist-0.3.7.tgz",
      "integrity": "sha512-TCx0dXQzVtSCg2OgY/bO9hjM9cV4XYx09TVK+s3+FhkjT6LovsLe+pPMzpWf+6yXK/hUizs2gUoTw3jHM0VaTQ==",
      "license": "MIT/X11",
      "dependencies": {
        "wordwrap": "~0.0.2"
      }
    },
    "node_modules/uglify-js": {
      "version": "1.3.5",
      "resolved": "https://registry.npmjs.org/uglify-js/-/uglify-js-1.3.5.tgz",
      "integrity": "sha512-YPX1DjKtom8l9XslmPFQnqWzTBkvI4N0pbkzLuPZZ4QTyig0uQqvZz9NgUdfEV+qccJzi7fVcGWdESvRIjWptQ==",
      "bin": {
        "uglifyjs": "bin/uglifyjs"
      }
    },
    "node_modules/wordwrap": {
      "version": "0.0.3",
      "resolved": "https://registry.npmjs.org/wordwrap/-/wordwrap-0.0.3.tgz",
      "integrity": "sha512-1tMA907+V4QmxV7dbRvb4/8MaRALK6q9Abid3ndMYnbyo8piisCmeONVqVSXqQA3KaP4SLt5b7ud6E2sqP8TFw==",
      "license": "MIT",
      "engines": {
        "node": ">=0.4.0"
      }
    }
  }
}
